// !$*UTF8*$!
{
	archiveVersion = 1;
	classes = {
	};
	objectVersion = 50;
	objects = {

/* Begin PBXBuildFile section */
		356D252C2766EA6000220602 /* AppSettings.swift in Sources */ = {isa = PBXBuildFile; fileRef = 356D252B2766EA6000220602 /* AppSettings.swift */; };
		356D252F2766FBE100220602 /* PostTableViewCell.swift in Sources */ = {isa = PBXBuildFile; fileRef = 356D252D2766FBE100220602 /* PostTableViewCell.swift */; };
		356D25302766FBE100220602 /* PostTableViewCell.xib in Resources */ = {isa = PBXBuildFile; fileRef = 356D252E2766FBE100220602 /* PostTableViewCell.xib */; };
		356D25332767047F00220602 /* Database.xcdatamodeld in Sources */ = {isa = PBXBuildFile; fileRef = 356D25312767047F00220602 /* Database.xcdatamodeld */; };
		356D2535276708BE00220602 /* CoreDataService.swift in Sources */ = {isa = PBXBuildFile; fileRef = 356D2534276708BE00220602 /* CoreDataService.swift */; };
		356D25372767123600220602 /* UICollectionView+Extension.swift in Sources */ = {isa = PBXBuildFile; fileRef = 356D25362767123600220602 /* UICollectionView+Extension.swift */; };
		6E899AEB276503D900724B62 /* PostViewController.swift in Sources */ = {isa = PBXBuildFile; fileRef = 6E899AE9276503D900724B62 /* PostViewController.swift */; };
		6E899AEC276503D900724B62 /* PostViewController.xib in Resources */ = {isa = PBXBuildFile; fileRef = 6E899AEA276503D900724B62 /* PostViewController.xib */; };
		6E899AF92765090900724B62 /* PostViewModel.swift in Sources */ = {isa = PBXBuildFile; fileRef = 6E899AF82765090900724B62 /* PostViewModel.swift */; };
		6E9C95F82763F72B00D78C58 /* AppDelegate.swift in Sources */ = {isa = PBXBuildFile; fileRef = 6E9C95F72763F72B00D78C58 /* AppDelegate.swift */; };
		6E9C96012763F72C00D78C58 /* Assets.xcassets in Resources */ = {isa = PBXBuildFile; fileRef = 6E9C96002763F72C00D78C58 /* Assets.xcassets */; };
		6E9C96042763F72C00D78C58 /* LaunchScreen.storyboard in Resources */ = {isa = PBXBuildFile; fileRef = 6E9C96022763F72C00D78C58 /* LaunchScreen.storyboard */; };
		6E9C960F2763FA1E00D78C58 /* UserViewController.swift in Sources */ = {isa = PBXBuildFile; fileRef = 6E9C960D2763FA1E00D78C58 /* UserViewController.swift */; };
		6E9C96102763FA1E00D78C58 /* UserViewController.xib in Resources */ = {isa = PBXBuildFile; fileRef = 6E9C960E2763FA1E00D78C58 /* UserViewController.xib */; };
		6E9C96142763FADF00D78C58 /* User.swift in Sources */ = {isa = PBXBuildFile; fileRef = 6E9C96132763FADF00D78C58 /* User.swift */; };
		6E9C961B2763FEE200D78C58 /* AppConstants.swift in Sources */ = {isa = PBXBuildFile; fileRef = 6E9C961A2763FEE200D78C58 /* AppConstants.swift */; };
		6E9C962C27640CD800D78C58 /* UserViewModel.swift in Sources */ = {isa = PBXBuildFile; fileRef = 6E9C962B27640CD800D78C58 /* UserViewModel.swift */; };
		6E9C962F276412CE00D78C58 /* UIViewController+Extension.swift in Sources */ = {isa = PBXBuildFile; fileRef = 6E9C962E276412CE00D78C58 /* UIViewController+Extension.swift */; };
		6E9C963B276422CB00D78C58 /* UserCollectionViewCell.swift in Sources */ = {isa = PBXBuildFile; fileRef = 6E9C9639276422CB00D78C58 /* UserCollectionViewCell.swift */; };
		6E9C963C276422CB00D78C58 /* UserCollectionViewCell.xib in Resources */ = {isa = PBXBuildFile; fileRef = 6E9C963A276422CB00D78C58 /* UserCollectionViewCell.xib */; };
		6E9C964127643EAD00D78C58 /* BaseServices.swift in Sources */ = {isa = PBXBuildFile; fileRef = 6E9C964027643EAD00D78C58 /* BaseServices.swift */; };
		6E9C9657276448DA00D78C58 /* UsersService.swift in Sources */ = {isa = PBXBuildFile; fileRef = 6E9C9656276448DA00D78C58 /* UsersService.swift */; };
		6E9C96672764598F00D78C58 /* DesignableView.swift in Sources */ = {isa = PBXBuildFile; fileRef = 6E9C96662764598F00D78C58 /* DesignableView.swift */; };
		6E9C966E276466BA00D78C58 /* PostsService.swift in Sources */ = {isa = PBXBuildFile; fileRef = 6E9C966D276466BA00D78C58 /* PostsService.swift */; };
		6E9C9674276468A600D78C58 /* Post.swift in Sources */ = {isa = PBXBuildFile; fileRef = 6E9C9673276468A600D78C58 /* Post.swift */; };
/* End PBXBuildFile section */

/* Begin PBXFileReference section */
		356D252B2766EA6000220602 /* AppSettings.swift */ = {isa = PBXFileReference; lastKnownFileType = sourcecode.swift; path = AppSettings.swift; sourceTree = "<group>"; };
		356D252D2766FBE100220602 /* PostTableViewCell.swift */ = {isa = PBXFileReference; lastKnownFileType = sourcecode.swift; path = PostTableViewCell.swift; sourceTree = "<group>"; };
		356D252E2766FBE100220602 /* PostTableViewCell.xib */ = {isa = PBXFileReference; lastKnownFileType = file.xib; path = PostTableViewCell.xib; sourceTree = "<group>"; };
		356D25322767047F00220602 /* Database.xcdatamodel */ = {isa = PBXFileReference; lastKnownFileType = wrapper.xcdatamodel; path = Database.xcdatamodel; sourceTree = "<group>"; };
		356D2534276708BE00220602 /* CoreDataService.swift */ = {isa = PBXFileReference; lastKnownFileType = sourcecode.swift; path = CoreDataService.swift; sourceTree = "<group>"; };
		356D25362767123600220602 /* UICollectionView+Extension.swift */ = {isa = PBXFileReference; lastKnownFileType = sourcecode.swift; path = "UICollectionView+Extension.swift"; sourceTree = "<group>"; };
		6E899AE9276503D900724B62 /* PostViewController.swift */ = {isa = PBXFileReference; lastKnownFileType = sourcecode.swift; path = PostViewController.swift; sourceTree = "<group>"; };
		6E899AEA276503D900724B62 /* PostViewController.xib */ = {isa = PBXFileReference; lastKnownFileType = file.xib; path = PostViewController.xib; sourceTree = "<group>"; };
		6E899AF82765090900724B62 /* PostViewModel.swift */ = {isa = PBXFileReference; lastKnownFileType = sourcecode.swift; path = PostViewModel.swift; sourceTree = "<group>"; };
		6E9C95F42763F72B00D78C58 /* PabloTest.app */ = {isa = PBXFileReference; explicitFileType = wrapper.application; includeInIndex = 0; path = PabloTest.app; sourceTree = BUILT_PRODUCTS_DIR; };
		6E9C95F72763F72B00D78C58 /* AppDelegate.swift */ = {isa = PBXFileReference; lastKnownFileType = sourcecode.swift; path = AppDelegate.swift; sourceTree = "<group>"; };
		6E9C96002763F72C00D78C58 /* Assets.xcassets */ = {isa = PBXFileReference; lastKnownFileType = folder.assetcatalog; path = Assets.xcassets; sourceTree = "<group>"; };
		6E9C96032763F72C00D78C58 /* Base */ = {isa = PBXFileReference; lastKnownFileType = file.storyboard; name = Base; path = Base.lproj/LaunchScreen.storyboard; sourceTree = "<group>"; };
		6E9C96052763F72C00D78C58 /* Info.plist */ = {isa = PBXFileReference; lastKnownFileType = text.plist.xml; path = Info.plist; sourceTree = "<group>"; };
		6E9C960D2763FA1E00D78C58 /* UserViewController.swift */ = {isa = PBXFileReference; lastKnownFileType = sourcecode.swift; path = UserViewController.swift; sourceTree = "<group>"; };
		6E9C960E2763FA1E00D78C58 /* UserViewController.xib */ = {isa = PBXFileReference; lastKnownFileType = file.xib; path = UserViewController.xib; sourceTree = "<group>"; };
		6E9C96132763FADF00D78C58 /* User.swift */ = {isa = PBXFileReference; lastKnownFileType = sourcecode.swift; path = User.swift; sourceTree = "<group>"; };
		6E9C961A2763FEE200D78C58 /* AppConstants.swift */ = {isa = PBXFileReference; lastKnownFileType = sourcecode.swift; path = AppConstants.swift; sourceTree = "<group>"; };
		6E9C962B27640CD800D78C58 /* UserViewModel.swift */ = {isa = PBXFileReference; lastKnownFileType = sourcecode.swift; path = UserViewModel.swift; sourceTree = "<group>"; };
		6E9C962E276412CE00D78C58 /* UIViewController+Extension.swift */ = {isa = PBXFileReference; lastKnownFileType = sourcecode.swift; path = "UIViewController+Extension.swift"; sourceTree = "<group>"; };
		6E9C9639276422CB00D78C58 /* UserCollectionViewCell.swift */ = {isa = PBXFileReference; lastKnownFileType = sourcecode.swift; path = UserCollectionViewCell.swift; sourceTree = "<group>"; };
		6E9C963A276422CB00D78C58 /* UserCollectionViewCell.xib */ = {isa = PBXFileReference; lastKnownFileType = file.xib; path = UserCollectionViewCell.xib; sourceTree = "<group>"; };
		6E9C964027643EAD00D78C58 /* BaseServices.swift */ = {isa = PBXFileReference; lastKnownFileType = sourcecode.swift; path = BaseServices.swift; sourceTree = "<group>"; };
		6E9C9656276448DA00D78C58 /* UsersService.swift */ = {isa = PBXFileReference; fileEncoding = 4; lastKnownFileType = sourcecode.swift; path = UsersService.swift; sourceTree = "<group>"; };
		6E9C96662764598F00D78C58 /* DesignableView.swift */ = {isa = PBXFileReference; lastKnownFileType = sourcecode.swift; path = DesignableView.swift; sourceTree = "<group>"; };
		6E9C966D276466BA00D78C58 /* PostsService.swift */ = {isa = PBXFileReference; lastKnownFileType = sourcecode.swift; path = PostsService.swift; sourceTree = "<group>"; };
		6E9C9673276468A600D78C58 /* Post.swift */ = {isa = PBXFileReference; lastKnownFileType = sourcecode.swift; path = Post.swift; sourceTree = "<group>"; };
/* End PBXFileReference section */

/* Begin PBXFrameworksBuildPhase section */
		6E9C95F12763F72B00D78C58 /* Frameworks */ = {
			isa = PBXFrameworksBuildPhase;
			buildActionMask = 2147483647;
			files = (
			);
			runOnlyForDeploymentPostprocessing = 0;
		};
/* End PBXFrameworksBuildPhase section */

/* Begin PBXGroup section */
		6E899AFB2765227100724B62 /* Modules */ = {
			isa = PBXGroup;
			children = (
				6E899AFC276522C500724B62 /* Users */,
				6E899AFD276522CB00724B62 /* Posts */,
			);
			path = Modules;
			sourceTree = "<group>";
		};
		6E899AFC276522C500724B62 /* Users */ = {
			isa = PBXGroup;
			children = (
				6EB652C8276669A300D994D6 /* Model */,
				6E899B002765233700724B62 /* UI */,
				6E899AFF2765232A00724B62 /* ViewModel */,
				6E899AFE2765231F00724B62 /* Controller */,
			);
			path = Users;
			sourceTree = "<group>";
		};
		6E899AFD276522CB00724B62 /* Posts */ = {
			isa = PBXGroup;
			children = (
				6EB652C9276669AA00D994D6 /* Model */,
				6E899B012765235900724B62 /* UI */,
				6E899B022765236200724B62 /* ViewModel */,
				6E899B032765236900724B62 /* Controller */,
			);
			path = Posts;
			sourceTree = "<group>";
		};
		6E899AFE2765231F00724B62 /* Controller */ = {
			isa = PBXGroup;
			children = (
				6E9C960D2763FA1E00D78C58 /* UserViewController.swift */,
			);
			path = Controller;
			sourceTree = "<group>";
		};
		6E899AFF2765232A00724B62 /* ViewModel */ = {
			isa = PBXGroup;
			children = (
				6E9C962B27640CD800D78C58 /* UserViewModel.swift */,
			);
			path = ViewModel;
			sourceTree = "<group>";
		};
		6E899B002765233700724B62 /* UI */ = {
			isa = PBXGroup;
			children = (
				6E9C960E2763FA1E00D78C58 /* UserViewController.xib */,
			);
			path = UI;
			sourceTree = "<group>";
		};
		6E899B012765235900724B62 /* UI */ = {
			isa = PBXGroup;
			children = (
				6E899AEA276503D900724B62 /* PostViewController.xib */,
			);
			path = UI;
			sourceTree = "<group>";
		};
		6E899B022765236200724B62 /* ViewModel */ = {
			isa = PBXGroup;
			children = (
				6E899AF82765090900724B62 /* PostViewModel.swift */,
			);
			path = ViewModel;
			sourceTree = "<group>";
		};
		6E899B032765236900724B62 /* Controller */ = {
			isa = PBXGroup;
			children = (
				6E899AE9276503D900724B62 /* PostViewController.swift */,
			);
			path = Controller;
			sourceTree = "<group>";
		};
		6E899B04276523B000724B62 /* Main */ = {
			isa = PBXGroup;
			children = (
				6E9C95F72763F72B00D78C58 /* AppDelegate.swift */,
			);
			path = Main;
			sourceTree = "<group>";
		};
		6E899B05276523E400724B62 /* UI */ = {
			isa = PBXGroup;
			children = (
				356D252D2766FBE100220602 /* PostTableViewCell.swift */,
				356D252E2766FBE100220602 /* PostTableViewCell.xib */,
				6E9C9639276422CB00D78C58 /* UserCollectionViewCell.swift */,
				6E9C963A276422CB00D78C58 /* UserCollectionViewCell.xib */,
			);
			path = UI;
			sourceTree = "<group>";
		};
		6E9C95EB2763F72A00D78C58 = {
			isa = PBXGroup;
			children = (
				6E9C95F62763F72B00D78C58 /* PabloTest */,
				6E9C95F52763F72B00D78C58 /* Products */,
			);
			sourceTree = "<group>";
		};
		6E9C95F52763F72B00D78C58 /* Products */ = {
			isa = PBXGroup;
			children = (
				6E9C95F42763F72B00D78C58 /* PabloTest.app */,
			);
			name = Products;
			sourceTree = "<group>";
		};
		6E9C95F62763F72B00D78C58 /* PabloTest */ = {
			isa = PBXGroup;
			children = (
				6E9C963227641AD300D78C58 /* Foundation */,
				6E899B04276523B000724B62 /* Main */,
				6E899AFB2765227100724B62 /* Modules */,
				6E9C96002763F72C00D78C58 /* Assets.xcassets */,
				6E9C96022763F72C00D78C58 /* LaunchScreen.storyboard */,
				6E9C96052763F72C00D78C58 /* Info.plist */,
				356D25312767047F00220602 /* Database.xcdatamodeld */,
			);
			path = PabloTest;
			sourceTree = "<group>";
		};
		6E9C963227641AD300D78C58 /* Foundation */ = {
			isa = PBXGroup;
			children = (
				6E899B05276523E400724B62 /* UI */,
				6E9C963327641AE400D78C58 /* Extensions */,
				6E9C963427641AEE00D78C58 /* Services */,
				6E9C963527641AF900D78C58 /* Settings */,
			);
			path = Foundation;
			sourceTree = "<group>";
		};
		6E9C963327641AE400D78C58 /* Extensions */ = {
			isa = PBXGroup;
			children = (
				356D25362767123600220602 /* UICollectionView+Extension.swift */,
				6E9C962E276412CE00D78C58 /* UIViewController+Extension.swift */,
			);
			path = Extensions;
			sourceTree = "<group>";
		};
		6E9C963427641AEE00D78C58 /* Services */ = {
			isa = PBXGroup;
			children = (
				6E9C964027643EAD00D78C58 /* BaseServices.swift */,
				356D2534276708BE00220602 /* CoreDataService.swift */,
				6E9C9656276448DA00D78C58 /* UsersService.swift */,
				6E9C966D276466BA00D78C58 /* PostsService.swift */,
			);
			path = Services;
			sourceTree = "<group>";
		};
		6E9C963527641AF900D78C58 /* Settings */ = {
			isa = PBXGroup;
			children = (
				6E9C961A2763FEE200D78C58 /* AppConstants.swift */,
				356D252B2766EA6000220602 /* AppSettings.swift */,
				6E9C96662764598F00D78C58 /* DesignableView.swift */,
			);
			path = Settings;
			sourceTree = "<group>";
		};
		6EB652C8276669A300D994D6 /* Model */ = {
			isa = PBXGroup;
			children = (
				6E9C96132763FADF00D78C58 /* User.swift */,
			);
			path = Model;
			sourceTree = "<group>";
		};
		6EB652C9276669AA00D994D6 /* Model */ = {
			isa = PBXGroup;
			children = (
				6E9C9673276468A600D78C58 /* Post.swift */,
			);
			path = Model;
			sourceTree = "<group>";
		};
/* End PBXGroup section */

/* Begin PBXNativeTarget section */
		6E9C95F32763F72B00D78C58 /* PabloTest */ = {
			isa = PBXNativeTarget;
			buildConfigurationList = 6E9C96082763F72C00D78C58 /* Build configuration list for PBXNativeTarget "PabloTest" */;
			buildPhases = (
				6E9C95F02763F72B00D78C58 /* Sources */,
				6E9C95F12763F72B00D78C58 /* Frameworks */,
				6E9C95F22763F72B00D78C58 /* Resources */,
			);
			buildRules = (
			);
			dependencies = (
			);
			name = PabloTest;
			productName = PabloTest;
			productReference = 6E9C95F42763F72B00D78C58 /* PabloTest.app */;
			productType = "com.apple.product-type.application";
		};
/* End PBXNativeTarget section */

/* Begin PBXProject section */
		6E9C95EC2763F72A00D78C58 /* Project object */ = {
			isa = PBXProject;
			attributes = {
				LastSwiftUpdateCheck = 1240;
				LastUpgradeCheck = 1240;
				TargetAttributes = {
					6E9C95F32763F72B00D78C58 = {
						CreatedOnToolsVersion = 12.4;
					};
				};
			};
			buildConfigurationList = 6E9C95EF2763F72A00D78C58 /* Build configuration list for PBXProject "PabloTest" */;
			compatibilityVersion = "Xcode 9.3";
			developmentRegion = en;
			hasScannedForEncodings = 0;
			knownRegions = (
				en,
				Base,
			);
			mainGroup = 6E9C95EB2763F72A00D78C58;
			productRefGroup = 6E9C95F52763F72B00D78C58 /* Products */;
			projectDirPath = "";
			projectRoot = "";
			targets = (
				6E9C95F32763F72B00D78C58 /* PabloTest */,
			);
		};
/* End PBXProject section */

/* Begin PBXResourcesBuildPhase section */
		6E9C95F22763F72B00D78C58 /* Resources */ = {
			isa = PBXResourcesBuildPhase;
			buildActionMask = 2147483647;
			files = (
				6E899AEC276503D900724B62 /* PostViewController.xib in Resources */,
				6E9C963C276422CB00D78C58 /* UserCollectionViewCell.xib in Resources */,
				6E9C96042763F72C00D78C58 /* LaunchScreen.storyboard in Resources */,
				356D25302766FBE100220602 /* PostTableViewCell.xib in Resources */,
				6E9C96102763FA1E00D78C58 /* UserViewController.xib in Resources */,
				6E9C96012763F72C00D78C58 /* Assets.xcassets in Resources */,
			);
			runOnlyForDeploymentPostprocessing = 0;
		};
/* End PBXResourcesBuildPhase section */

/* Begin PBXSourcesBuildPhase section */
		6E9C95F02763F72B00D78C58 /* Sources */ = {
			isa = PBXSourcesBuildPhase;
			buildActionMask = 2147483647;
			files = (
				6E9C962F276412CE00D78C58 /* UIViewController+Extension.swift in Sources */,
				6E9C9674276468A600D78C58 /* Post.swift in Sources */,
				356D252F2766FBE100220602 /* PostTableViewCell.swift in Sources */,
				6E9C960F2763FA1E00D78C58 /* UserViewController.swift in Sources */,
				6E899AF92765090900724B62 /* PostViewModel.swift in Sources */,
				356D25332767047F00220602 /* Database.xcdatamodeld in Sources */,
				6E9C964127643EAD00D78C58 /* BaseServices.swift in Sources */,
				6E9C96672764598F00D78C58 /* DesignableView.swift in Sources */,
				6E899AEB276503D900724B62 /* PostViewController.swift in Sources */,
				6E9C96142763FADF00D78C58 /* User.swift in Sources */,
				6E9C961B2763FEE200D78C58 /* AppConstants.swift in Sources */,
				6E9C962C27640CD800D78C58 /* UserViewModel.swift in Sources */,
				6E9C966E276466BA00D78C58 /* PostsService.swift in Sources */,
				6E9C9657276448DA00D78C58 /* UsersService.swift in Sources */,
				6E9C95F82763F72B00D78C58 /* AppDelegate.swift in Sources */,
				356D252C2766EA6000220602 /* AppSettings.swift in Sources */,
				356D25372767123600220602 /* UICollectionView+Extension.swift in Sources */,
				356D2535276708BE00220602 /* CoreDataService.swift in Sources */,
				6E9C963B276422CB00D78C58 /* UserCollectionViewCell.swift in Sources */,
			);
			runOnlyForDeploymentPostprocessing = 0;
		};
/* End PBXSourcesBuildPhase section */

/* Begin PBXVariantGroup section */
		6E9C96022763F72C00D78C58 /* LaunchScreen.storyboard */ = {
			isa = PBXVariantGroup;
			children = (
				6E9C96032763F72C00D78C58 /* Base */,
			);
			name = LaunchScreen.storyboard;
			sourceTree = "<group>";
		};
/* End PBXVariantGroup section */

/* Begin XCBuildConfiguration section */
		6E9C96062763F72C00D78C58 /* Debug */ = {
			isa = XCBuildConfiguration;
			buildSettings = {
				ALWAYS_SEARCH_USER_PATHS = NO;
				CLANG_ANALYZER_NONNULL = YES;
				CLANG_ANALYZER_NUMBER_OBJECT_CONVERSION = YES_AGGRESSIVE;
				CLANG_CXX_LANGUAGE_STANDARD = "gnu++14";
				CLANG_CXX_LIBRARY = "libc++";
				CLANG_ENABLE_MODULES = YES;
				CLANG_ENABLE_OBJC_ARC = YES;
				CLANG_ENABLE_OBJC_WEAK = YES;
				CLANG_WARN_BLOCK_CAPTURE_AUTORELEASING = YES;
				CLANG_WARN_BOOL_CONVERSION = YES;
				CLANG_WARN_COMMA = YES;
				CLANG_WARN_CONSTANT_CONVERSION = YES;
				CLANG_WARN_DEPRECATED_OBJC_IMPLEMENTATIONS = YES;
				CLANG_WARN_DIRECT_OBJC_ISA_USAGE = YES_ERROR;
				CLANG_WARN_DOCUMENTATION_COMMENTS = YES;
				CLANG_WARN_EMPTY_BODY = YES;
				CLANG_WARN_ENUM_CONVERSION = YES;
				CLANG_WARN_INFINITE_RECURSION = YES;
				CLANG_WARN_INT_CONVERSION = YES;
				CLANG_WARN_NON_LITERAL_NULL_CONVERSION = YES;
				CLANG_WARN_OBJC_IMPLICIT_RETAIN_SELF = YES;
				CLANG_WARN_OBJC_LITERAL_CONVERSION = YES;
				CLANG_WARN_OBJC_ROOT_CLASS = YES_ERROR;
				CLANG_WARN_QUOTED_INCLUDE_IN_FRAMEWORK_HEADER = YES;
				CLANG_WARN_RANGE_LOOP_ANALYSIS = YES;
				CLANG_WARN_STRICT_PROTOTYPES = YES;
				CLANG_WARN_SUSPICIOUS_MOVE = YES;
				CLANG_WARN_UNGUARDED_AVAILABILITY = YES_AGGRESSIVE;
				CLANG_WARN_UNREACHABLE_CODE = YES;
				CLANG_WARN__DUPLICATE_METHOD_MATCH = YES;
				COPY_PHASE_STRIP = NO;
				DEBUG_INFORMATION_FORMAT = dwarf;
				ENABLE_STRICT_OBJC_MSGSEND = YES;
				ENABLE_TESTABILITY = YES;
				GCC_C_LANGUAGE_STANDARD = gnu11;
				GCC_DYNAMIC_NO_PIC = NO;
				GCC_NO_COMMON_BLOCKS = YES;
				GCC_OPTIMIZATION_LEVEL = 0;
				GCC_PREPROCESSOR_DEFINITIONS = (
					"DEBUG=1",
					"$(inherited)",
				);
				GCC_WARN_64_TO_32_BIT_CONVERSION = YES;
				GCC_WARN_ABOUT_RETURN_TYPE = YES_ERROR;
				GCC_WARN_UNDECLARED_SELECTOR = YES;
				GCC_WARN_UNINITIALIZED_AUTOS = YES_AGGRESSIVE;
				GCC_WARN_UNUSED_FUNCTION = YES;
				GCC_WARN_UNUSED_VARIABLE = YES;
				IPHONEOS_DEPLOYMENT_TARGET = 14.4;
				MTL_ENABLE_DEBUG_INFO = INCLUDE_SOURCE;
				MTL_FAST_MATH = YES;
				ONLY_ACTIVE_ARCH = YES;
				SDKROOT = iphoneos;
				SWIFT_ACTIVE_COMPILATION_CONDITIONS = DEBUG;
				SWIFT_OPTIMIZATION_LEVEL = "-Onone";
			};
			name = Debug;
		};
		6E9C96072763F72C00D78C58 /* Release */ = {
			isa = XCBuildConfiguration;
			buildSettings = {
				ALWAYS_SEARCH_USER_PATHS = NO;
				CLANG_ANALYZER_NONNULL = YES;
				CLANG_ANALYZER_NUMBER_OBJECT_CONVERSION = YES_AGGRESSIVE;
				CLANG_CXX_LANGUAGE_STANDARD = "gnu++14";
				CLANG_CXX_LIBRARY = "libc++";
				CLANG_ENABLE_MODULES = YES;
				CLANG_ENABLE_OBJC_ARC = YES;
				CLANG_ENABLE_OBJC_WEAK = YES;
				CLANG_WARN_BLOCK_CAPTURE_AUTORELEASING = YES;
				CLANG_WARN_BOOL_CONVERSION = YES;
				CLANG_WARN_COMMA = YES;
				CLANG_WARN_CONSTANT_CONVERSION = YES;
				CLANG_WARN_DEPRECATED_OBJC_IMPLEMENTATIONS = YES;
				CLANG_WARN_DIRECT_OBJC_ISA_USAGE = YES_ERROR;
				CLANG_WARN_DOCUMENTATION_COMMENTS = YES;
				CLANG_WARN_EMPTY_BODY = YES;
				CLANG_WARN_ENUM_CONVERSION = YES;
				CLANG_WARN_INFINITE_RECURSION = YES;
				CLANG_WARN_INT_CONVERSION = YES;
				CLANG_WARN_NON_LITERAL_NULL_CONVERSION = YES;
				CLANG_WARN_OBJC_IMPLICIT_RETAIN_SELF = YES;
				CLANG_WARN_OBJC_LITERAL_CONVERSION = YES;
				CLANG_WARN_OBJC_ROOT_CLASS = YES_ERROR;
				CLANG_WARN_QUOTED_INCLUDE_IN_FRAMEWORK_HEADER = YES;
				CLANG_WARN_RANGE_LOOP_ANALYSIS = YES;
				CLANG_WARN_STRICT_PROTOTYPES = YES;
				CLANG_WARN_SUSPICIOUS_MOVE = YES;
				CLANG_WARN_UNGUARDED_AVAILABILITY = YES_AGGRESSIVE;
				CLANG_WARN_UNREACHABLE_CODE = YES;
				CLANG_WARN__DUPLICATE_METHOD_MATCH = YES;
				COPY_PHASE_STRIP = NO;
				DEBUG_INFORMATION_FORMAT = "dwarf-with-dsym";
				ENABLE_NS_ASSERTIONS = NO;
				ENABLE_STRICT_OBJC_MSGSEND = YES;
				GCC_C_LANGUAGE_STANDARD = gnu11;
				GCC_NO_COMMON_BLOCKS = YES;
				GCC_WARN_64_TO_32_BIT_CONVERSION = YES;
				GCC_WARN_ABOUT_RETURN_TYPE = YES_ERROR;
				GCC_WARN_UNDECLARED_SELECTOR = YES;
				GCC_WARN_UNINITIALIZED_AUTOS = YES_AGGRESSIVE;
				GCC_WARN_UNUSED_FUNCTION = YES;
				GCC_WARN_UNUSED_VARIABLE = YES;
				IPHONEOS_DEPLOYMENT_TARGET = 14.4;
				MTL_ENABLE_DEBUG_INFO = NO;
				MTL_FAST_MATH = YES;
				SDKROOT = iphoneos;
				SWIFT_COMPILATION_MODE = wholemodule;
				SWIFT_OPTIMIZATION_LEVEL = "-O";
				VALIDATE_PRODUCT = YES;
			};
			name = Release;
		};
		6E9C96092763F72C00D78C58 /* Debug */ = {
			isa = XCBuildConfiguration;
			buildSettings = {
				ASSETCATALOG_COMPILER_APPICON_NAME = AppIcon;
				ASSETCATALOG_COMPILER_GLOBAL_ACCENT_COLOR_NAME = AccentColor;
				CODE_SIGN_STYLE = Automatic;
				DEVELOPMENT_TEAM = HUJTS5AMRH;
				INFOPLIST_FILE = PabloTest/Info.plist;
				LD_RUNPATH_SEARCH_PATHS = (
					"$(inherited)",
					"@executable_path/Frameworks",
				);
				PRODUCT_BUNDLE_IDENTIFIER = com.pablo.PabloTest;
				PRODUCT_NAME = "$(TARGET_NAME)";
				SWIFT_VERSION = 5.0;
				TARGETED_DEVICE_FAMILY = "1,2";
			};
			name = Debug;
		};
		6E9C960A2763F72C00D78C58 /* Release */ = {
			isa = XCBuildConfiguration;
			buildSettings = {
				ASSETCATALOG_COMPILER_APPICON_NAME = AppIcon;
				ASSETCATALOG_COMPILER_GLOBAL_ACCENT_COLOR_NAME = AccentColor;
				CODE_SIGN_STYLE = Automatic;
				DEVELOPMENT_TEAM = HUJTS5AMRH;
				INFOPLIST_FILE = PabloTest/Info.plist;
				LD_RUNPATH_SEARCH_PATHS = (
					"$(inherited)",
					"@executable_path/Frameworks",
				);
				PRODUCT_BUNDLE_IDENTIFIER = com.pablo.PabloTest;
				PRODUCT_NAME = "$(TARGET_NAME)";
				SWIFT_VERSION = 5.0;
				TARGETED_DEVICE_FAMILY = "1,2";
			};
			name = Release;
		};
/* End XCBuildConfiguration section */

/* Begin XCConfigurationList section */
		6E9C95EF2763F72A00D78C58 /* Build configuration list for PBXProject "PabloTest" */ = {
			isa = XCConfigurationList;
			buildConfigurations = (
				6E9C96062763F72C00D78C58 /* Debug */,
				6E9C96072763F72C00D78C58 /* Release */,
			);
			defaultConfigurationIsVisible = 0;
			defaultConfigurationName = Release;
		};
		6E9C96082763F72C00D78C58 /* Build configuration list for PBXNativeTarget "PabloTest" */ = {
			isa = XCConfigurationList;
			buildConfigurations = (
				6E9C96092763F72C00D78C58 /* Debug */,
				6E9C960A2763F72C00D78C58 /* Release */,
			);
			defaultConfigurationIsVisible = 0;
			defaultConfigurationName = Release;
		};
/* End XCConfigurationList section */

/* Begin XCVersionGroup section */
		356D25312767047F00220602 /* Database.xcdatamodeld */ = {
			isa = XCVersionGroup;
			children = (
				356D25322767047F00220602 /* Database.xcdatamodel */,
			);
			currentVersion = 356D25322767047F00220602 /* Database.xcdatamodel */;
			path = Database.xcdatamodeld;
			sourceTree = "<group>";
			versionGroupType = wrapper.xcdatamodel;
		};
/* End XCVersionGroup section */
	};
	rootObject = 6E9C95EC2763F72A00D78C58 /* Project object */;
}
